
Microsoft Visual Studio Solution File, Format Version 12.00
Project("{FAE04EC0-301F-11D3-BF4B-00C04F79EFBC}") = "SOLID.Core", "SOLID.Core\SOLID.Core.csproj", "{1B5179E0-ADF9-4277-84D7-CE8594BB4929}"
EndProject
Project("{FAE04EC0-301F-11D3-BF4B-00C04F79EFBC}") = "SOLID.Core.Tests", "SOLID.Core.Tests\SOLID.Core.Tests.csproj", "{DA7AC445-591F-44B7-9A37-1823E0FEC13A}"
EndProject
Global
	GlobalSection(SolutionConfigurationPlatforms) = preSolution
		Debug|Any CPU = Debug|Any CPU
		Release|Any CPU = Release|Any CPU
	EndGlobalSection
	GlobalSection(ProjectConfigurationPlatforms) = postSolution
		{1B5179E0-ADF9-4277-84D7-CE8594BB4929}.Debug|Any CPU.ActiveCfg = Debug|Any CPU
		{1B5179E0-ADF9-4277-84D7-CE8594BB4929}.Debug|Any CPU.Build.0 = Debug|Any CPU
		{1B5179E0-ADF9-4277-84D7-CE8594BB4929}.Release|Any CPU.ActiveCfg = Release|Any CPU
		{1B5179E0-ADF9-4277-84D7-CE8594BB4929}.Release|Any CPU.Build.0 = Release|Any CPU
		{DA7AC445-591F-44B7-9A37-1823E0FEC13A}.Debug|Any CPU.ActiveCfg = Debug|Any CPU
		{DA7AC445-591F-44B7-9A37-1823E0FEC13A}.Debug|Any CPU.Build.0 = Debug|Any CPU
		{DA7AC445-591F-44B7-9A37-1823E0FEC13A}.Release|Any CPU.ActiveCfg = Release|Any CPU
		{DA7AC445-591F-44B7-9A37-1823E0FEC13A}.Release|Any CPU.Build.0 = Release|Any CPU
	EndGlobalSection
EndGlobal
